<?xml version="1.0" encoding="utf-8"?>
<Project ToolsVersion="4.0" xmlns="http://schemas.microsoft.com/developer/msbuild/2003">
  <ItemGroup>
    <ClInclude Include="TitleLevel.h">
      <Filter>Level</Filter>
    </ClInclude>
    <ClInclude Include="PlayLevel.h">
      <Filter>Level</Filter>
    </ClInclude>
    <ClInclude Include="EndingLevel.h">
      <Filter>Level</Filter>
    </ClInclude>
    <ClInclude Include="ContentCore.h" />
    <ClInclude Include="BackGround.h">
      <Filter>Global</Filter>
    </ClInclude>
    <ClInclude Include="Player.h">
      <Filter>Global</Filter>
    </ClInclude>
    <ClInclude Include="ContentsEnum.h">
      <Filter>Global</Filter>
    </ClInclude>
    <ClInclude Include="TileMap.h">
      <Filter>Tile</Filter>
    </ClInclude>
    <ClInclude Include="Obstacle.h">
      <Filter>Global\Obstacle</Filter>
    </ClInclude>
    <ClInclude Include="Undead.h">
      <Filter>Global\Obstacle</Filter>
    </ClInclude>
    <ClInclude Include="Rock.h">
      <Filter>Global\Obstacle</Filter>
    </ClInclude>
    <ClInclude Include="NPC.h">
      <Filter>Global\Obstacle</Filter>
    </ClInclude>
    <ClInclude Include="Spike.h">
      <Filter>Global\Obstacle</Filter>
    </ClInclude>
    <ClInclude Include="LockBox.h">
      <Filter>Global\Obstacle</Filter>
    </ClInclude>
    <ClInclude Include="Key.h">
      <Filter>Global\Obstacle</Filter>
    </ClInclude>
    <ClInclude Include="LevelChange.h">
      <Filter>Global</Filter>
    </ClInclude>
    <ClInclude Include="resource.h" />
    <ClInclude Include="UI.h">
      <Filter>Global</Filter>
    </ClInclude>
    <ClInclude Include="Obj.h">
      <Filter>Global\Obj</Filter>
    </ClInclude>
    <ClInclude Include="VFX.h">
      <Filter>vfx</Filter>
    </ClInclude>
    <ClInclude Include="Dialog.h">
      <Filter>Global</Filter>
    </ClInclude>
    <ClInclude Include="DialogTitle.h">
      <Filter>Global</Filter>
    </ClInclude>
  </ItemGroup>
  <ItemGroup>
    <ClCompile Include="TitleLevel.cpp">
      <Filter>Level</Filter>
    </ClCompile>
    <ClCompile Include="PlayLevel.cpp">
      <Filter>Level</Filter>
    </ClCompile>
    <ClCompile Include="EndingLevel.cpp">
      <Filter>Level</Filter>
    </ClCompile>
    <ClCompile Include="ContentCore.cpp" />
    <ClCompile Include="BackGround.cpp">
      <Filter>Global</Filter>
    </ClCompile>
    <ClCompile Include="Player.cpp">
      <Filter>Global</Filter>
    </ClCompile>
    <ClCompile Include="Player_State.cpp">
      <Filter>Global</Filter>
    </ClCompile>
    <ClCompile Include="TileMap.cpp">
      <Filter>Tile</Filter>
    </ClCompile>
    <ClCompile Include="Obstacle.cpp">
      <Filter>Global\Obstacle</Filter>
    </ClCompile>
    <ClCompile Include="Undead.cpp">
      <Filter>Global\Obstacle</Filter>
    </ClCompile>
    <ClCompile Include="Rock.cpp">
      <Filter>Global\Obstacle</Filter>
    </ClCompile>
    <ClCompile Include="NPC.cpp">
      <Filter>Global\Obstacle</Filter>
    </ClCompile>
    <ClCompile Include="Spike.cpp">
      <Filter>Global\Obstacle</Filter>
    </ClCompile>
    <ClCompile Include="LockBox.cpp">
      <Filter>Global\Obstacle</Filter>
    </ClCompile>
    <ClCompile Include="Key.cpp">
      <Filter>Global\Obstacle</Filter>
    </ClCompile>
    <ClCompile Include="PlayLevelData.cpp">
      <Filter>Level</Filter>
    </ClCompile>
    <ClCompile Include="LevelChange.cpp">
      <Filter>Global</Filter>
    </ClCompile>
    <ClCompile Include="UI.cpp">
      <Filter>Global</Filter>
    </ClCompile>
    <ClCompile Include="Obj.cpp">
      <Filter>Global\Obj</Filter>
    </ClCompile>
    <ClCompile Include="VFX.cpp">
      <Filter>vfx</Filter>
    </ClCompile>
    <ClCompile Include="Dialog.cpp">
      <Filter>Global</Filter>
    </ClCompile>
    <ClCompile Include="DialogData.cpp">
      <Filter>Global</Filter>
    </ClCompile>
    <ClCompile Include="DialogTitle.cpp">
      <Filter>Global</Filter>
    </ClCompile>
  </ItemGroup>
  <ItemGroup>
    <Filter Include="Level">
      <UniqueIdentifier>{c25d8da1-fd16-4fc7-a635-eee4e46abd47}</UniqueIdentifier>
    </Filter>
    <Filter Include="Global">
      <UniqueIdentifier>{590be175-b4d0-4d2d-a311-b31490de1797}</UniqueIdentifier>
    </Filter>
    <Filter Include="Tile">
      <UniqueIdentifier>{0ad7d969-97a4-4ed3-bee5-2b40cee5d4f6}</UniqueIdentifier>
    </Filter>
    <Filter Include="Global\Obstacle">
      <UniqueIdentifier>{43b8bc90-79bc-4958-b39e-3b00d9c66e75}</UniqueIdentifier>
    </Filter>
    <Filter Include="Global\Obj">
      <UniqueIdentifier>{9b66f035-f39b-40b5-aa70-4577bdcdaf21}</UniqueIdentifier>
    </Filter>
    <Filter Include="vfx">
      <UniqueIdentifier>{9c6e8fb9-85c5-4148-a8cd-f061aaa8751b}</UniqueIdentifier>
    </Filter>
  </ItemGroup>
  <ItemGroup>
    <ResourceCompile Include="GameEngineContents.rc" />
  </ItemGroup>
</Project>