<?xml version="1.0" encoding="utf-8"?>
<Project ToolsVersion="4.0" xmlns="http://schemas.microsoft.com/developer/msbuild/2003">
  <ItemGroup>
    <ClInclude Include="TitleLevel.h">
      <Filter>Level</Filter>
    </ClInclude>
    <ClInclude Include="PlayLevel.h">
      <Filter>Level</Filter>
    </ClInclude>
    <ClInclude Include="EndingLevel.h">
      <Filter>Level</Filter>
    </ClInclude>
    <ClInclude Include="ContentCore.h" />
    <ClInclude Include="BackGround.h">
      <Filter>Global</Filter>
    </ClInclude>
    <ClInclude Include="Player.h">
      <Filter>Global</Filter>
    </ClInclude>
    <ClInclude Include="ContentsEnum.h">
      <Filter>Global</Filter>
    </ClInclude>
    <ClInclude Include="Bullet.h">
      <Filter>Global</Filter>
    </ClInclude>
    <ClInclude Include="TileMap.h">
      <Filter>Tile</Filter>
    </ClInclude>
    <ClInclude Include="TileMapData.h">
      <Filter>Tile</Filter>
    </ClInclude>
    <ClInclude Include="Tile.h">
      <Filter>Tile</Filter>
    </ClInclude>
    <ClInclude Include="Obstacle.h">
      <Filter>Global\Obstacle</Filter>
    </ClInclude>
    <ClInclude Include="Undead.h">
      <Filter>Global\Obstacle</Filter>
    </ClInclude>
  </ItemGroup>
  <ItemGroup>
    <ClCompile Include="TitleLevel.cpp">
      <Filter>Level</Filter>
    </ClCompile>
    <ClCompile Include="PlayLevel.cpp">
      <Filter>Level</Filter>
    </ClCompile>
    <ClCompile Include="EndingLevel.cpp">
      <Filter>Level</Filter>
    </ClCompile>
    <ClCompile Include="ContentCore.cpp" />
    <ClCompile Include="BackGround.cpp">
      <Filter>Global</Filter>
    </ClCompile>
    <ClCompile Include="Player.cpp">
      <Filter>Global</Filter>
    </ClCompile>
    <ClCompile Include="Player_State.cpp">
      <Filter>Global</Filter>
    </ClCompile>
    <ClCompile Include="Bullet.cpp">
      <Filter>Global</Filter>
    </ClCompile>
    <ClCompile Include="TileMap.cpp">
      <Filter>Tile</Filter>
    </ClCompile>
    <ClCompile Include="TileMapData.cpp">
      <Filter>Tile</Filter>
    </ClCompile>
    <ClCompile Include="Tile.cpp">
      <Filter>Tile</Filter>
    </ClCompile>
    <ClCompile Include="Obstacle.cpp">
      <Filter>Global\Obstacle</Filter>
    </ClCompile>
    <ClCompile Include="Undead.cpp">
      <Filter>Global\Obstacle</Filter>
    </ClCompile>
  </ItemGroup>
  <ItemGroup>
    <Filter Include="Level">
      <UniqueIdentifier>{c25d8da1-fd16-4fc7-a635-eee4e46abd47}</UniqueIdentifier>
    </Filter>
    <Filter Include="Global">
      <UniqueIdentifier>{590be175-b4d0-4d2d-a311-b31490de1797}</UniqueIdentifier>
    </Filter>
    <Filter Include="Tile">
      <UniqueIdentifier>{0ad7d969-97a4-4ed3-bee5-2b40cee5d4f6}</UniqueIdentifier>
    </Filter>
    <Filter Include="Global\Obstacle">
      <UniqueIdentifier>{43b8bc90-79bc-4958-b39e-3b00d9c66e75}</UniqueIdentifier>
    </Filter>
  </ItemGroup>
</Project>