
Microsoft Visual Studio Solution File, Format Version 12.00
# Visual Studio Version 17
VisualStudioVersion = 17.5.33502.453
MinimumVisualStudioVersion = 10.0.40219.1
Project("{2150E333-8FDC-42A3-9474-1A3956D46DE8}") = "Level0", "Level0", "{D613C387-7A9A-473A-A71B-3EBD6929D519}"
EndProject
Project("{2150E333-8FDC-42A3-9474-1A3956D46DE8}") = "Level1", "Level1", "{DBAE5B55-AE88-48FB-8DF1-9492912BD2F9}"
EndProject
Project("{2150E333-8FDC-42A3-9474-1A3956D46DE8}") = "Level2", "Level2", "{9DF0B968-27ED-406F-B3E3-B91A5A5A11A2}"
EndProject
Project("{8BC9CEB8-8B4A-11D0-8D11-00A0C91BC942}") = "GameEngineBase", "GameEngineBase\GameEngineBase.vcxproj", "{43E95582-82FC-46C5-A7CA-7D887CD0432B}"
EndProject
Project("{8BC9CEB8-8B4A-11D0-8D11-00A0C91BC942}") = "GameEnginePlatform", "GameEnginePlatform\GameEnginePlatform.vcxproj", "{ECCF2A11-194B-4572-8A3D-4E4EB28BCFF0}"
	ProjectSection(ProjectDependencies) = postProject
		{43E95582-82FC-46C5-A7CA-7D887CD0432B} = {43E95582-82FC-46C5-A7CA-7D887CD0432B}
	EndProjectSection
EndProject
Project("{8BC9CEB8-8B4A-11D0-8D11-00A0C91BC942}") = "GameEngineCore", "GameEngineCore\GameEngineCore.vcxproj", "{F437AC74-6771-42CD-ABE5-7D19DC390884}"
	ProjectSection(ProjectDependencies) = postProject
		{43E95582-82FC-46C5-A7CA-7D887CD0432B} = {43E95582-82FC-46C5-A7CA-7D887CD0432B}
		{ECCF2A11-194B-4572-8A3D-4E4EB28BCFF0} = {ECCF2A11-194B-4572-8A3D-4E4EB28BCFF0}
	EndProjectSection
EndProject
Project("{2150E333-8FDC-42A3-9474-1A3956D46DE8}") = "Level3", "Level3", "{C982C14B-6F78-46EC-A477-20523BCD972E}"
EndProject
Project("{2150E333-8FDC-42A3-9474-1A3956D46DE8}") = "Level4", "Level4", "{6D8ED952-4DD2-401D-AB91-D3CE70B5B4ED}"
EndProject
Project("{8BC9CEB8-8B4A-11D0-8D11-00A0C91BC942}") = "GameEngineContents", "GameEngineContents\GameEngineContents.vcxproj", "{9D58ED14-755A-4E72-B9A5-2C3AC45797C5}"
	ProjectSection(ProjectDependencies) = postProject
		{43E95582-82FC-46C5-A7CA-7D887CD0432B} = {43E95582-82FC-46C5-A7CA-7D887CD0432B}
		{ECCF2A11-194B-4572-8A3D-4E4EB28BCFF0} = {ECCF2A11-194B-4572-8A3D-4E4EB28BCFF0}
		{F437AC74-6771-42CD-ABE5-7D19DC390884} = {F437AC74-6771-42CD-ABE5-7D19DC390884}
	EndProjectSection
EndProject
Project("{8BC9CEB8-8B4A-11D0-8D11-00A0C91BC942}") = "GameEngineApp", "GameEngineApp\GameEngineApp.vcxproj", "{16F602A6-2CBC-49BA-9B36-D0E6A20B01E7}"
	ProjectSection(ProjectDependencies) = postProject
		{43E95582-82FC-46C5-A7CA-7D887CD0432B} = {43E95582-82FC-46C5-A7CA-7D887CD0432B}
		{9D58ED14-755A-4E72-B9A5-2C3AC45797C5} = {9D58ED14-755A-4E72-B9A5-2C3AC45797C5}
		{ECCF2A11-194B-4572-8A3D-4E4EB28BCFF0} = {ECCF2A11-194B-4572-8A3D-4E4EB28BCFF0}
		{F437AC74-6771-42CD-ABE5-7D19DC390884} = {F437AC74-6771-42CD-ABE5-7D19DC390884}
	EndProjectSection
EndProject
Global
	GlobalSection(SolutionConfigurationPlatforms) = preSolution
		Debug|x64 = Debug|x64
		Debug|x86 = Debug|x86
		Release|x64 = Release|x64
		Release|x86 = Release|x86
	EndGlobalSection
	GlobalSection(ProjectConfigurationPlatforms) = postSolution
		{43E95582-82FC-46C5-A7CA-7D887CD0432B}.Debug|x64.ActiveCfg = Debug|x64
		{43E95582-82FC-46C5-A7CA-7D887CD0432B}.Debug|x64.Build.0 = Debug|x64
		{43E95582-82FC-46C5-A7CA-7D887CD0432B}.Debug|x86.ActiveCfg = Debug|Win32
		{43E95582-82FC-46C5-A7CA-7D887CD0432B}.Debug|x86.Build.0 = Debug|Win32
		{43E95582-82FC-46C5-A7CA-7D887CD0432B}.Release|x64.ActiveCfg = Release|x64
		{43E95582-82FC-46C5-A7CA-7D887CD0432B}.Release|x64.Build.0 = Release|x64
		{43E95582-82FC-46C5-A7CA-7D887CD0432B}.Release|x86.ActiveCfg = Release|Win32
		{43E95582-82FC-46C5-A7CA-7D887CD0432B}.Release|x86.Build.0 = Release|Win32
		{ECCF2A11-194B-4572-8A3D-4E4EB28BCFF0}.Debug|x64.ActiveCfg = Debug|x64
		{ECCF2A11-194B-4572-8A3D-4E4EB28BCFF0}.Debug|x64.Build.0 = Debug|x64
		{ECCF2A11-194B-4572-8A3D-4E4EB28BCFF0}.Debug|x86.ActiveCfg = Debug|Win32
		{ECCF2A11-194B-4572-8A3D-4E4EB28BCFF0}.Debug|x86.Build.0 = Debug|Win32
		{ECCF2A11-194B-4572-8A3D-4E4EB28BCFF0}.Release|x64.ActiveCfg = Release|x64
		{ECCF2A11-194B-4572-8A3D-4E4EB28BCFF0}.Release|x64.Build.0 = Release|x64
		{ECCF2A11-194B-4572-8A3D-4E4EB28BCFF0}.Release|x86.ActiveCfg = Release|Win32
		{ECCF2A11-194B-4572-8A3D-4E4EB28BCFF0}.Release|x86.Build.0 = Release|Win32
		{F437AC74-6771-42CD-ABE5-7D19DC390884}.Debug|x64.ActiveCfg = Debug|x64
		{F437AC74-6771-42CD-ABE5-7D19DC390884}.Debug|x64.Build.0 = Debug|x64
		{F437AC74-6771-42CD-ABE5-7D19DC390884}.Debug|x86.ActiveCfg = Debug|Win32
		{F437AC74-6771-42CD-ABE5-7D19DC390884}.Debug|x86.Build.0 = Debug|Win32
		{F437AC74-6771-42CD-ABE5-7D19DC390884}.Release|x64.ActiveCfg = Release|x64
		{F437AC74-6771-42CD-ABE5-7D19DC390884}.Release|x64.Build.0 = Release|x64
		{F437AC74-6771-42CD-ABE5-7D19DC390884}.Release|x86.ActiveCfg = Release|Win32
		{F437AC74-6771-42CD-ABE5-7D19DC390884}.Release|x86.Build.0 = Release|Win32
		{9D58ED14-755A-4E72-B9A5-2C3AC45797C5}.Debug|x64.ActiveCfg = Debug|x64
		{9D58ED14-755A-4E72-B9A5-2C3AC45797C5}.Debug|x64.Build.0 = Debug|x64
		{9D58ED14-755A-4E72-B9A5-2C3AC45797C5}.Debug|x86.ActiveCfg = Debug|Win32
		{9D58ED14-755A-4E72-B9A5-2C3AC45797C5}.Debug|x86.Build.0 = Debug|Win32
		{9D58ED14-755A-4E72-B9A5-2C3AC45797C5}.Release|x64.ActiveCfg = Release|x64
		{9D58ED14-755A-4E72-B9A5-2C3AC45797C5}.Release|x64.Build.0 = Release|x64
		{9D58ED14-755A-4E72-B9A5-2C3AC45797C5}.Release|x86.ActiveCfg = Release|Win32
		{9D58ED14-755A-4E72-B9A5-2C3AC45797C5}.Release|x86.Build.0 = Release|Win32
		{16F602A6-2CBC-49BA-9B36-D0E6A20B01E7}.Debug|x64.ActiveCfg = Debug|x64
		{16F602A6-2CBC-49BA-9B36-D0E6A20B01E7}.Debug|x64.Build.0 = Debug|x64
		{16F602A6-2CBC-49BA-9B36-D0E6A20B01E7}.Debug|x86.ActiveCfg = Debug|Win32
		{16F602A6-2CBC-49BA-9B36-D0E6A20B01E7}.Debug|x86.Build.0 = Debug|Win32
		{16F602A6-2CBC-49BA-9B36-D0E6A20B01E7}.Release|x64.ActiveCfg = Release|x64
		{16F602A6-2CBC-49BA-9B36-D0E6A20B01E7}.Release|x64.Build.0 = Release|x64
		{16F602A6-2CBC-49BA-9B36-D0E6A20B01E7}.Release|x86.ActiveCfg = Release|Win32
		{16F602A6-2CBC-49BA-9B36-D0E6A20B01E7}.Release|x86.Build.0 = Release|Win32
	EndGlobalSection
	GlobalSection(SolutionProperties) = preSolution
		HideSolutionNode = FALSE
	EndGlobalSection
	GlobalSection(NestedProjects) = preSolution
		{43E95582-82FC-46C5-A7CA-7D887CD0432B} = {D613C387-7A9A-473A-A71B-3EBD6929D519}
		{ECCF2A11-194B-4572-8A3D-4E4EB28BCFF0} = {DBAE5B55-AE88-48FB-8DF1-9492912BD2F9}
		{F437AC74-6771-42CD-ABE5-7D19DC390884} = {9DF0B968-27ED-406F-B3E3-B91A5A5A11A2}
		{9D58ED14-755A-4E72-B9A5-2C3AC45797C5} = {C982C14B-6F78-46EC-A477-20523BCD972E}
		{16F602A6-2CBC-49BA-9B36-D0E6A20B01E7} = {6D8ED952-4DD2-401D-AB91-D3CE70B5B4ED}
	EndGlobalSection
	GlobalSection(ExtensibilityGlobals) = postSolution
		SolutionGuid = {9145CACF-0C29-47E4-8878-FBCA53731CD2}
	EndGlobalSection
EndGlobal
